# THIS IS AN AUTOGENERATED FILE. DO NOT EDIT THIS FILE DIRECTLY.
# yarn lockfile v1


md@^0.6.0:
  version "0.6.0"
  resolved "https://registry.yarnpkg.com/md/-/md-0.6.0.tgz#5a42cebfc50ef09f87f694ddcff1e3dfc0ab6ca6"
  dependencies:
    slugo "^0.2.1"

slugo@^0.2.1:
  version "0.2.1"
  resolved "https://registry.yarnpkg.com/slugo/-/slugo-0.2.1.tgz#a44bb2c6a72a8921888b08fc18e3181e9dd7df8e"
